
Microsoft Visual Studio Solution File, Format Version 12.00
# Visual Studio Version 17
VisualStudioVersion = 17.7.34031.279
MinimumVisualStudioVersion = 10.0.40219.1
Project("{FAE04EC0-301F-11D3-BF4B-00C04F79EFBC}") = "ConsoleApp1", "ConsoleApp1.csproj", "{2EC95F43-423B-4EC4-A454-ED0BC55CC13F}"
EndProject
Global
	GlobalSection(SolutionConfigurationPlatforms) = preSolution
		Debug|Any CPU = Debug|Any CPU
		Release|Any CPU = Release|Any CPU
	EndGlobalSection
	GlobalSection(ProjectConfigurationPlatforms) = postSolution
		{2EC95F43-423B-4EC4-A454-ED0BC55CC13F}.Debug|Any CPU.ActiveCfg = Debug|Any CPU
		{2EC95F43-423B-4EC4-A454-ED0BC55CC13F}.Debug|Any CPU.Build.0 = Debug|Any CPU
		{2EC95F43-423B-4EC4-A454-ED0BC55CC13F}.Release|Any CPU.ActiveCfg = Release|Any CPU
		{2EC95F43-423B-4EC4-A454-ED0BC55CC13F}.Release|Any CPU.Build.0 = Release|Any CPU
	EndGlobalSection
	GlobalSection(SolutionProperties) = preSolution
		HideSolutionNode = FALSE
	EndGlobalSection
	GlobalSection(ExtensibilityGlobals) = postSolution
		SolutionGuid = {8892D71B-DA8E-42DF-90E8-FF8C7D50AD47}
	EndGlobalSection
EndGlobal
